
Microsoft Visual Studio Solution File, Format Version 12.00
# Visual Studio 15
VisualStudioVersion = 15.0.26730.3
MinimumVisualStudioVersion = 10.0.40219.1
Project("{9A19103F-16F7-4668-BE54-9A1E7A4F7556}") = "ReactDeployTool", "ReactDeployTool.csproj", "{4CFE3225-F177-4259-80EC-96E87E2F7EA6}"
EndProject
Global
	GlobalSection(SolutionConfigurationPlatforms) = preSolution
		Debug|Any CPU = Debug|Any CPU
		Release|Any CPU = Release|Any CPU
	EndGlobalSection
	GlobalSection(ProjectConfigurationPlatforms) = postSolution
		{4CFE3225-F177-4259-80EC-96E87E2F7EA6}.Debug|Any CPU.ActiveCfg = Debug|Any CPU
		{4CFE3225-F177-4259-80EC-96E87E2F7EA6}.Debug|Any CPU.Build.0 = Debug|Any CPU
		{4CFE3225-F177-4259-80EC-96E87E2F7EA6}.Release|Any CPU.ActiveCfg = Release|Any CPU
		{4CFE3225-F177-4259-80EC-96E87E2F7EA6}.Release|Any CPU.Build.0 = Release|Any CPU
	EndGlobalSection
	GlobalSection(SolutionProperties) = preSolution
		HideSolutionNode = FALSE
	EndGlobalSection
	GlobalSection(ExtensibilityGlobals) = postSolution
		SolutionGuid = {E8185D2D-0160-4677-8EFC-9FD77A4B6209}
	EndGlobalSection
EndGlobal
